
Microsoft Visual Studio Solution File, Format Version 12.00
# Visual Studio Version 16
VisualStudioVersion = 16.0.28922.388
MinimumVisualStudioVersion = 10.0.40219.1
Project("{FAE04EC0-301F-11D3-BF4B-00C04F79EFBC}") = "CipaPlacarGenerator", "CipaPlacarGenerator\CipaPlacarGenerator.csproj", "{6067C43E-5815-499E-957D-29AE76F56C25}"
EndProject
Global
	GlobalSection(SolutionConfigurationPlatforms) = preSolution
		Debug|Any CPU = Debug|Any CPU
		Release|Any CPU = Release|Any CPU
	EndGlobalSection
	GlobalSection(ProjectConfigurationPlatforms) = postSolution
		{6067C43E-5815-499E-957D-29AE76F56C25}.Debug|Any CPU.ActiveCfg = Debug|Any CPU
		{6067C43E-5815-499E-957D-29AE76F56C25}.Debug|Any CPU.Build.0 = Debug|Any CPU
		{6067C43E-5815-499E-957D-29AE76F56C25}.Release|Any CPU.ActiveCfg = Release|Any CPU
		{6067C43E-5815-499E-957D-29AE76F56C25}.Release|Any CPU.Build.0 = Release|Any CPU
	EndGlobalSection
	GlobalSection(SolutionProperties) = preSolution
		HideSolutionNode = FALSE
	EndGlobalSection
	GlobalSection(ExtensibilityGlobals) = postSolution
		SolutionGuid = {A5BC2B45-720C-48C6-AA85-9584A0E7A0E8}
	EndGlobalSection
EndGlobal
